
Microsoft Visual Studio Solution File, Format Version 12.00
# Visual Studio Version 17
VisualStudioVersion = 17.11.35327.3
MinimumVisualStudioVersion = 10.0.40219.1
Project("{FAE04EC0-301F-11D3-BF4B-00C04F79EFBC}") = "App1", "App1\App1.csproj", "{61194C3C-A186-4630-88AB-8CDFEE03BC66}"
EndProject
Project("{FAE04EC0-301F-11D3-BF4B-00C04F79EFBC}") = "App2", "App2\App2.csproj", "{6A9F9C5B-2190-4192-A890-65692DC2E7F3}"
EndProject
Project("{FAE04EC0-301F-11D3-BF4B-00C04F79EFBC}") = "App3", "App3\App3.csproj", "{FE2C1062-C5C8-46AB-B72A-09B6CCC45947}"
EndProject
Project("{2150E333-8FDC-42A3-9474-1A3956D46DE8}") = "Infra", "Infra", "{6E54E739-5062-4A4E-9484-5501DFB70AED}"
	ProjectSection(SolutionItems) = preProject
		infra\abbreviations.json = infra\abbreviations.json
		infra\app\app1.bicep = infra\app\app1.bicep
		infra\app\app2.bicep = infra\app\app2.bicep
		infra\app\app3.bicep = infra\app\app3.bicep
		infra\shared\apps-env.bicep = infra\shared\apps-env.bicep
		infra\main.bicep = infra\main.bicep
		infra\main.parameters.json = infra\main.parameters.json
		infra\shared\registry.bicep = infra\shared\registry.bicep
	EndProjectSection
EndProject
Global
	GlobalSection(SolutionConfigurationPlatforms) = preSolution
		Debug|Any CPU = Debug|Any CPU
		Release|Any CPU = Release|Any CPU
	EndGlobalSection
	GlobalSection(ProjectConfigurationPlatforms) = postSolution
		{61194C3C-A186-4630-88AB-8CDFEE03BC66}.Debug|Any CPU.ActiveCfg = Debug|Any CPU
		{61194C3C-A186-4630-88AB-8CDFEE03BC66}.Debug|Any CPU.Build.0 = Debug|Any CPU
		{61194C3C-A186-4630-88AB-8CDFEE03BC66}.Release|Any CPU.ActiveCfg = Release|Any CPU
		{61194C3C-A186-4630-88AB-8CDFEE03BC66}.Release|Any CPU.Build.0 = Release|Any CPU
		{6A9F9C5B-2190-4192-A890-65692DC2E7F3}.Debug|Any CPU.ActiveCfg = Debug|Any CPU
		{6A9F9C5B-2190-4192-A890-65692DC2E7F3}.Debug|Any CPU.Build.0 = Debug|Any CPU
		{6A9F9C5B-2190-4192-A890-65692DC2E7F3}.Release|Any CPU.ActiveCfg = Release|Any CPU
		{6A9F9C5B-2190-4192-A890-65692DC2E7F3}.Release|Any CPU.Build.0 = Release|Any CPU
		{FE2C1062-C5C8-46AB-B72A-09B6CCC45947}.Debug|Any CPU.ActiveCfg = Debug|Any CPU
		{FE2C1062-C5C8-46AB-B72A-09B6CCC45947}.Debug|Any CPU.Build.0 = Debug|Any CPU
		{FE2C1062-C5C8-46AB-B72A-09B6CCC45947}.Release|Any CPU.ActiveCfg = Release|Any CPU
		{FE2C1062-C5C8-46AB-B72A-09B6CCC45947}.Release|Any CPU.Build.0 = Release|Any CPU
	EndGlobalSection
	GlobalSection(SolutionProperties) = preSolution
		HideSolutionNode = FALSE
	EndGlobalSection
	GlobalSection(ExtensibilityGlobals) = postSolution
		SolutionGuid = {16E7C247-B524-45C5-9BD9-680233ABCA1B}
	EndGlobalSection
EndGlobal
